# generated by rye
# use `rye lock` or `rye sync` to update this lockfile
#
# last locked with the following flags:
#   pre: false
#   features: []
#   all-features: false
#   with-sources: false

-e file:.
aiohttp==3.9.3
    # via datasets
    # via fsspec
    # via langchain
    # via langchain-community
    # via litellm
    # via llama-index-core
    # via llama-index-legacy
aiosignal==1.3.1
    # via aiohttp
annotated-types==0.6.0
    # via pydantic
anyio==4.3.0
    # via httpx
    # via langchain-core
    # via openai
    # via starlette
    # via watchfiles
asgiref==3.8.1
    # via opentelemetry-instrumentation-asgi
async-timeout==4.0.3
    # via aiohttp
    # via langchain
attrs==23.2.0
    # via aiohttp
backoff==2.2.1
    # via posthog
bcrypt==4.1.2
    # via chromadb
beautifulsoup4==4.12.3
    # via bs4
    # via llama-index-readers-file
bs4==0.0.2
    # via llama-index-readers-file
build==1.1.1
    # via chromadb
cachetools==5.3.3
    # via google-auth
certifi==2024.2.2
    # via httpcore
    # via httpx
    # via kubernetes
    # via pulsar-client
    # via requests
charset-normalizer==3.3.2
    # via requests
chroma-hnswlib==0.7.3
    # via chromadb
chromadb==0.4.24
    # via llama-index-vector-stores-chroma
    # via opendevin
click==8.1.7
    # via litellm
    # via nltk
    # via typer
    # via uvicorn
coloredlogs==15.0.1
    # via onnxruntime
contourpy==1.2.0
    # via matplotlib
cycler==0.12.1
    # via matplotlib
dataclasses-json==0.6.4
    # via langchain
    # via langchain-community
    # via llama-index-core
    # via llama-index-legacy
datasets==2.18.0
    # via opendevin
deprecated==1.2.14
    # via llama-index-core
    # via llama-index-legacy
    # via opentelemetry-api
    # via opentelemetry-exporter-otlp-proto-grpc
dill==0.3.8
    # via datasets
    # via multiprocess
dirtyjson==1.0.8
    # via llama-index-core
    # via llama-index-legacy
distro==1.9.0
    # via openai
docker==7.0.0
    # via opendevin
exceptiongroup==1.2.0
    # via anyio
fastapi==0.110.0
    # via chromadb
    # via opendevin
filelock==3.13.3
    # via datasets
    # via huggingface-hub
flatbuffers==24.3.25
    # via onnxruntime
fonttools==4.50.0
    # via matplotlib
frozenlist==1.4.1
    # via aiohttp
    # via aiosignal
fsspec==2024.2.0
    # via datasets
    # via huggingface-hub
    # via llama-index-core
    # via llama-index-legacy
google-auth==2.29.0
    # via kubernetes
googleapis-common-protos==1.63.0
    # via opentelemetry-exporter-otlp-proto-grpc
greenlet==3.0.3
    # via sqlalchemy
grpcio==1.62.1
    # via chromadb
    # via opentelemetry-exporter-otlp-proto-grpc
h11==0.14.0
    # via httpcore
    # via uvicorn
httpcore==1.0.4
    # via httpx
httptools==0.6.1
    # via uvicorn
httpx==0.27.0
    # via llama-index-core
    # via llama-index-legacy
    # via llamaindex-py-client
    # via openai
huggingface-hub==0.22.1
    # via datasets
    # via tokenizers
humanfriendly==10.0
    # via coloredlogs
idna==3.6
    # via anyio
    # via httpx
    # via requests
    # via yarl
importlib-metadata==6.11.0
    # via litellm
    # via opentelemetry-api
importlib-resources==6.4.0
    # via chromadb
jinja2==3.1.3
    # via litellm
joblib==1.3.2
    # via nltk
jsonpatch==1.33
    # via langchain
    # via langchain-core
jsonpointer==2.4
    # via jsonpatch
kiwisolver==1.4.5
    # via matplotlib
kubernetes==29.0.0
    # via chromadb
langchain==0.1.13
    # via opendevin
langchain-community==0.0.29
    # via langchain
    # via opendevin
langchain-core==0.1.33
    # via langchain
    # via langchain-community
    # via langchain-text-splitters
    # via opendevin
langchain-text-splitters==0.0.1
    # via langchain
langsmith==0.1.31
    # via langchain
    # via langchain-community
    # via langchain-core
litellm==1.34.4
    # via opendevin
llama-index==0.10.23
    # via opendevin
llama-index-agent-openai==0.1.7
    # via llama-index
    # via llama-index-program-openai
llama-index-cli==0.1.11
    # via llama-index
llama-index-core==0.10.23.post1
    # via llama-index
    # via llama-index-agent-openai
    # via llama-index-cli
    # via llama-index-embeddings-openai
    # via llama-index-indices-managed-llama-cloud
    # via llama-index-llms-openai
    # via llama-index-multi-modal-llms-openai
    # via llama-index-program-openai
    # via llama-index-question-gen-openai
    # via llama-index-readers-file
    # via llama-index-readers-llama-parse
    # via llama-index-vector-stores-chroma
    # via llama-parse
llama-index-embeddings-openai==0.1.7
    # via llama-index
    # via llama-index-cli
llama-index-indices-managed-llama-cloud==0.1.5
    # via llama-index
llama-index-legacy==0.9.48
    # via llama-index
llama-index-llms-openai==0.1.12
    # via llama-index
    # via llama-index-agent-openai
    # via llama-index-cli
    # via llama-index-multi-modal-llms-openai
    # via llama-index-program-openai
    # via llama-index-question-gen-openai
llama-index-multi-modal-llms-openai==0.1.4
    # via llama-index
llama-index-program-openai==0.1.4
    # via llama-index
    # via llama-index-question-gen-openai
llama-index-question-gen-openai==0.1.3
    # via llama-index
llama-index-readers-file==0.1.12
    # via llama-index
llama-index-readers-llama-parse==0.1.4
    # via llama-index
llama-index-vector-stores-chroma==0.1.6
    # via opendevin
llama-parse==0.4.0
    # via llama-index-readers-llama-parse
llamaindex-py-client==0.1.13
    # via llama-index-core
    # via llama-index-indices-managed-llama-cloud
markupsafe==2.1.5
    # via jinja2
marshmallow==3.21.1
    # via dataclasses-json
matplotlib==3.8.3
    # via seaborn
mmh3==4.1.0
    # via chromadb
monotonic==1.6
    # via posthog
mpmath==1.3.0
    # via sympy
multidict==6.0.5
    # via aiohttp
    # via yarl
multiprocess==0.70.16
    # via datasets
mypy==1.9.0
    # via opendevin
mypy-extensions==1.0.0
    # via mypy
    # via typing-inspect
nest-asyncio==1.6.0
    # via llama-index-core
    # via llama-index-legacy
networkx==3.2.1
    # via llama-index-core
    # via llama-index-legacy
nltk==3.8.1
    # via llama-index-core
    # via llama-index-legacy
numpy==1.26.4
    # via chroma-hnswlib
    # via chromadb
    # via contourpy
    # via datasets
    # via langchain
    # via langchain-community
    # via llama-index-core
    # via llama-index-legacy
    # via matplotlib
    # via onnxruntime
    # via pandas
    # via pyarrow
    # via seaborn
oauthlib==3.2.2
    # via kubernetes
    # via requests-oauthlib
onnxruntime==1.17.1
    # via chromadb
openai==1.14.3
    # via litellm
    # via llama-index-core
    # via llama-index-legacy
opentelemetry-api==1.23.0
    # via chromadb
    # via opentelemetry-exporter-otlp-proto-grpc
    # via opentelemetry-instrumentation
    # via opentelemetry-instrumentation-asgi
    # via opentelemetry-instrumentation-fastapi
    # via opentelemetry-sdk
opentelemetry-exporter-otlp-proto-common==1.23.0
    # via opentelemetry-exporter-otlp-proto-grpc
opentelemetry-exporter-otlp-proto-grpc==1.23.0
    # via chromadb
opentelemetry-instrumentation==0.44b0
    # via opentelemetry-instrumentation-asgi
    # via opentelemetry-instrumentation-fastapi
opentelemetry-instrumentation-asgi==0.44b0
    # via opentelemetry-instrumentation-fastapi
opentelemetry-instrumentation-fastapi==0.44b0
    # via chromadb
opentelemetry-proto==1.23.0
    # via opentelemetry-exporter-otlp-proto-common
    # via opentelemetry-exporter-otlp-proto-grpc
opentelemetry-sdk==1.23.0
    # via chromadb
    # via opentelemetry-exporter-otlp-proto-grpc
opentelemetry-semantic-conventions==0.44b0
    # via opentelemetry-instrumentation-asgi
    # via opentelemetry-instrumentation-fastapi
    # via opentelemetry-sdk
opentelemetry-util-http==0.44b0
    # via opentelemetry-instrumentation-asgi
    # via opentelemetry-instrumentation-fastapi
orjson==3.9.15
    # via chromadb
    # via langsmith
overrides==7.7.0
    # via chromadb
packaging==23.2
    # via build
    # via datasets
    # via docker
    # via huggingface-hub
    # via langchain-core
    # via marshmallow
    # via matplotlib
    # via onnxruntime
pandas==2.2.1
    # via datasets
    # via llama-index-core
    # via llama-index-legacy
    # via opendevin
    # via seaborn
pillow==10.2.0
    # via llama-index-core
    # via matplotlib
posthog==3.5.0
    # via chromadb
protobuf==4.25.3
    # via googleapis-common-protos
    # via onnxruntime
    # via opentelemetry-proto
pulsar-client==3.4.0
    # via chromadb
pyarrow==15.0.2
    # via datasets
pyarrow-hotfix==0.6
    # via datasets
pyasn1==0.5.1
    # via pyasn1-modules
    # via rsa
pyasn1-modules==0.3.0
    # via google-auth
pydantic==2.6.4
    # via chromadb
    # via fastapi
    # via langchain
    # via langchain-core
    # via langsmith
    # via llamaindex-py-client
    # via openai
pydantic-core==2.16.3
    # via pydantic
pymupdf==1.24.0
    # via llama-index-readers-file
pymupdfb==1.24.0
    # via pymupdf
pyparsing==3.1.2
    # via matplotlib
pypdf==4.1.0
    # via llama-index-readers-file
pypika==0.48.9
    # via chromadb
pyproject-hooks==1.0.0
    # via build
python-dateutil==2.9.0.post0
    # via kubernetes
    # via matplotlib
    # via pandas
    # via posthog
python-dotenv==1.0.1
    # via litellm
    # via uvicorn
pytz==2024.1
    # via pandas
pyyaml==6.0.1
    # via chromadb
    # via datasets
    # via huggingface-hub
    # via kubernetes
    # via langchain
    # via langchain-community
    # via langchain-core
    # via llama-index-core
    # via uvicorn
regex==2023.12.25
    # via nltk
    # via tiktoken
requests==2.31.0
    # via chromadb
    # via datasets
    # via docker
    # via huggingface-hub
    # via kubernetes
    # via langchain
    # via langchain-community
    # via langchain-core
    # via langsmith
    # via litellm
    # via llama-index-core
    # via llama-index-legacy
    # via posthog
    # via requests-oauthlib
    # via tiktoken
requests-oauthlib==2.0.0
    # via kubernetes
rsa==4.9
    # via google-auth
ruff==0.3.4
    # via opendevin
seaborn==0.13.2
    # via opendevin
setuptools==69.2.0
    # via opentelemetry-instrumentation
six==1.16.0
    # via kubernetes
    # via posthog
    # via python-dateutil
sniffio==1.3.1
    # via anyio
    # via httpx
    # via openai
soupsieve==2.5
    # via beautifulsoup4
sqlalchemy==2.0.29
    # via langchain
    # via langchain-community
    # via llama-index-core
    # via llama-index-legacy
starlette==0.36.3
    # via fastapi
striprtf==0.0.26
    # via llama-index-readers-file
sympy==1.12
    # via onnxruntime
tenacity==8.2.3
    # via chromadb
    # via langchain
    # via langchain-community
    # via langchain-core
    # via llama-index-core
    # via llama-index-legacy
termcolor==2.4.0
    # via opendevin
tiktoken==0.6.0
    # via litellm
    # via llama-index-core
    # via llama-index-legacy
tokenizers==0.15.2
    # via chromadb
    # via litellm
tomli==2.0.1
    # via build
    # via mypy
    # via pyproject-hooks
tqdm==4.66.2
    # via chromadb
    # via datasets
    # via huggingface-hub
    # via llama-index-core
    # via nltk
    # via openai
typer==0.10.0
    # via chromadb
typing-extensions==4.10.0
    # via anyio
    # via asgiref
    # via chromadb
    # via fastapi
    # via huggingface-hub
    # via llama-index-core
    # via llama-index-legacy
    # via mypy
    # via openai
    # via opentelemetry-sdk
    # via pydantic
    # via pydantic-core
    # via sqlalchemy
    # via typer
    # via typing-inspect
    # via uvicorn
typing-inspect==0.9.0
    # via dataclasses-json
    # via llama-index-core
    # via llama-index-legacy
tzdata==2024.1
    # via pandas
urllib3==2.2.1
    # via docker
    # via kubernetes
    # via requests
uvicorn==0.29.0
    # via chromadb
    # via opendevin
uvloop==0.19.0
    # via uvicorn
watchfiles==0.21.0
    # via uvicorn
websocket-client==1.7.0
    # via kubernetes
websockets==12.0
    # via uvicorn
wrapt==1.16.0
    # via deprecated
    # via opentelemetry-instrumentation
xxhash==3.4.1
    # via datasets
yarl==1.9.4
    # via aiohttp
zipp==3.18.1
    # via importlib-metadata
